
Microsoft Visual Studio Solution File, Format Version 12.00
# Visual Studio Version 17
VisualStudioVersion = 17.3.32922.545
MinimumVisualStudioVersion = 10.0.40219.1
Project("{9A19103F-16F7-4668-BE54-9A1E7A4F7556}") = "BlackJackCaseTraineeship", "BlackJackCaseTraineeship\BlackJackCaseTraineeship.csproj", "{6C35A2E8-A66F-4379-A793-86FD9614FC61}"
EndProject
Project("{9A19103F-16F7-4668-BE54-9A1E7A4F7556}") = "BlackJackCaseTraineeshipFrontend", "BlackJackCaseTraineeshipFrontend\BlackJackCaseTraineeshipFrontend.csproj", "{20465F58-367D-440D-96F3-BD27746A7BD3}"
EndProject
Project("{9A19103F-16F7-4668-BE54-9A1E7A4F7556}") = "BelastingdienstUtils", "BelastingdienstUtils\BelastingdienstUtils.csproj", "{6EA21FBA-666C-4662-B145-68B46CA47CBF}"
EndProject
Project("{2150E333-8FDC-42A3-9474-1A3956D46DE8}") = "Version 1", "Version 1", "{107C439A-E365-418D-B3F2-CD69B1CF2C0F}"
EndProject
Project("{2150E333-8FDC-42A3-9474-1A3956D46DE8}") = "Version 2", "Version 2", "{001DEE58-DE3A-4064-8336-97D0DBC37724}"
EndProject
Project("{9A19103F-16F7-4668-BE54-9A1E7A4F7556}") = "BlackJack_Frontend", "BlackJack_Frontend\BlackJack_Frontend.csproj", "{7CDF95FB-F64C-418B-BFE0-F59BE56EA317}"
EndProject
Project("{2150E333-8FDC-42A3-9474-1A3956D46DE8}") = "Backend", "Backend", "{E771981F-91BF-4764-B088-9CAAE0D7D907}"
EndProject
Project("{9A19103F-16F7-4668-BE54-9A1E7A4F7556}") = "BlackJack_BackEnd_Repositories", "BlackJack_BackEnd_Repositories\BlackJack_BackEnd_Repositories.csproj", "{889E0922-568F-41F3-BE70-CA1872A4282D}"
EndProject
Project("{9A19103F-16F7-4668-BE54-9A1E7A4F7556}") = "BlackJack_BackEnd_Models", "BlackJack_BackEnd_Models\BlackJack_BackEnd_Models.csproj", "{365464C1-AB99-490B-86B3-AC9923FF3D05}"
EndProject
Project("{9A19103F-16F7-4668-BE54-9A1E7A4F7556}") = "BlackJack_BackEnd_Controllers", "BlackJack_BackEnd_Controllers\BlackJack_BackEnd_Controllers.csproj", "{F727A462-11BD-400B-B2DD-019BB7BB2F59}"
EndProject
Project("{FAE04EC0-301F-11D3-BF4B-00C04F79EFBC}") = "Utils", "Utils\Utils.csproj", "{C933E5C4-E5D8-49CF-8022-532C2D626272}"
EndProject
Global
	GlobalSection(SolutionConfigurationPlatforms) = preSolution
		Debug|Any CPU = Debug|Any CPU
		Release|Any CPU = Release|Any CPU
	EndGlobalSection
	GlobalSection(ProjectConfigurationPlatforms) = postSolution
		{6C35A2E8-A66F-4379-A793-86FD9614FC61}.Debug|Any CPU.ActiveCfg = Debug|Any CPU
		{6C35A2E8-A66F-4379-A793-86FD9614FC61}.Debug|Any CPU.Build.0 = Debug|Any CPU
		{6C35A2E8-A66F-4379-A793-86FD9614FC61}.Release|Any CPU.ActiveCfg = Release|Any CPU
		{6C35A2E8-A66F-4379-A793-86FD9614FC61}.Release|Any CPU.Build.0 = Release|Any CPU
		{20465F58-367D-440D-96F3-BD27746A7BD3}.Debug|Any CPU.ActiveCfg = Debug|Any CPU
		{20465F58-367D-440D-96F3-BD27746A7BD3}.Debug|Any CPU.Build.0 = Debug|Any CPU
		{20465F58-367D-440D-96F3-BD27746A7BD3}.Release|Any CPU.ActiveCfg = Release|Any CPU
		{20465F58-367D-440D-96F3-BD27746A7BD3}.Release|Any CPU.Build.0 = Release|Any CPU
		{6EA21FBA-666C-4662-B145-68B46CA47CBF}.Debug|Any CPU.ActiveCfg = Debug|Any CPU
		{6EA21FBA-666C-4662-B145-68B46CA47CBF}.Debug|Any CPU.Build.0 = Debug|Any CPU
		{6EA21FBA-666C-4662-B145-68B46CA47CBF}.Release|Any CPU.ActiveCfg = Release|Any CPU
		{6EA21FBA-666C-4662-B145-68B46CA47CBF}.Release|Any CPU.Build.0 = Release|Any CPU
		{7CDF95FB-F64C-418B-BFE0-F59BE56EA317}.Debug|Any CPU.ActiveCfg = Debug|Any CPU
		{7CDF95FB-F64C-418B-BFE0-F59BE56EA317}.Debug|Any CPU.Build.0 = Debug|Any CPU
		{7CDF95FB-F64C-418B-BFE0-F59BE56EA317}.Release|Any CPU.ActiveCfg = Release|Any CPU
		{7CDF95FB-F64C-418B-BFE0-F59BE56EA317}.Release|Any CPU.Build.0 = Release|Any CPU
		{889E0922-568F-41F3-BE70-CA1872A4282D}.Debug|Any CPU.ActiveCfg = Debug|Any CPU
		{889E0922-568F-41F3-BE70-CA1872A4282D}.Debug|Any CPU.Build.0 = Debug|Any CPU
		{889E0922-568F-41F3-BE70-CA1872A4282D}.Release|Any CPU.ActiveCfg = Release|Any CPU
		{889E0922-568F-41F3-BE70-CA1872A4282D}.Release|Any CPU.Build.0 = Release|Any CPU
		{365464C1-AB99-490B-86B3-AC9923FF3D05}.Debug|Any CPU.ActiveCfg = Debug|Any CPU
		{365464C1-AB99-490B-86B3-AC9923FF3D05}.Debug|Any CPU.Build.0 = Debug|Any CPU
		{365464C1-AB99-490B-86B3-AC9923FF3D05}.Release|Any CPU.ActiveCfg = Release|Any CPU
		{365464C1-AB99-490B-86B3-AC9923FF3D05}.Release|Any CPU.Build.0 = Release|Any CPU
		{F727A462-11BD-400B-B2DD-019BB7BB2F59}.Debug|Any CPU.ActiveCfg = Debug|Any CPU
		{F727A462-11BD-400B-B2DD-019BB7BB2F59}.Debug|Any CPU.Build.0 = Debug|Any CPU
		{F727A462-11BD-400B-B2DD-019BB7BB2F59}.Release|Any CPU.ActiveCfg = Release|Any CPU
		{F727A462-11BD-400B-B2DD-019BB7BB2F59}.Release|Any CPU.Build.0 = Release|Any CPU
		{C933E5C4-E5D8-49CF-8022-532C2D626272}.Debug|Any CPU.ActiveCfg = Debug|Any CPU
		{C933E5C4-E5D8-49CF-8022-532C2D626272}.Debug|Any CPU.Build.0 = Debug|Any CPU
		{C933E5C4-E5D8-49CF-8022-532C2D626272}.Release|Any CPU.ActiveCfg = Release|Any CPU
		{C933E5C4-E5D8-49CF-8022-532C2D626272}.Release|Any CPU.Build.0 = Release|Any CPU
	EndGlobalSection
	GlobalSection(SolutionProperties) = preSolution
		HideSolutionNode = FALSE
	EndGlobalSection
	GlobalSection(NestedProjects) = preSolution
		{6C35A2E8-A66F-4379-A793-86FD9614FC61} = {107C439A-E365-418D-B3F2-CD69B1CF2C0F}
		{20465F58-367D-440D-96F3-BD27746A7BD3} = {107C439A-E365-418D-B3F2-CD69B1CF2C0F}
		{7CDF95FB-F64C-418B-BFE0-F59BE56EA317} = {001DEE58-DE3A-4064-8336-97D0DBC37724}
		{E771981F-91BF-4764-B088-9CAAE0D7D907} = {001DEE58-DE3A-4064-8336-97D0DBC37724}
		{889E0922-568F-41F3-BE70-CA1872A4282D} = {E771981F-91BF-4764-B088-9CAAE0D7D907}
		{365464C1-AB99-490B-86B3-AC9923FF3D05} = {E771981F-91BF-4764-B088-9CAAE0D7D907}
		{F727A462-11BD-400B-B2DD-019BB7BB2F59} = {E771981F-91BF-4764-B088-9CAAE0D7D907}
		{C933E5C4-E5D8-49CF-8022-532C2D626272} = {E771981F-91BF-4764-B088-9CAAE0D7D907}
	EndGlobalSection
	GlobalSection(ExtensibilityGlobals) = postSolution
		SolutionGuid = {E6814945-2E26-4540-9F3F-4559A50BC6A7}
	EndGlobalSection
EndGlobal
